// !$*UTF8*$!
{
	archiveVersion = 1;
	classes = {
	};
	objectVersion = 50;
	objects = {

/* Begin PBXBuildFile section */
		27464D632145B66D00CEAF91 /* AppDelegate.swift in Sources */ = {isa = PBXBuildFile; fileRef = 27464D622145B66D00CEAF91 /* AppDelegate.swift */; };
		27464D682145B66D00CEAF91 /* Main.storyboard in Resources */ = {isa = PBXBuildFile; fileRef = 27464D662145B66D00CEAF91 /* Main.storyboard */; };
		27464D6A2145B67000CEAF91 /* Assets.xcassets in Resources */ = {isa = PBXBuildFile; fileRef = 27464D692145B67000CEAF91 /* Assets.xcassets */; };
		27464D6D2145B67000CEAF91 /* LaunchScreen.storyboard in Resources */ = {isa = PBXBuildFile; fileRef = 27464D6B2145B67000CEAF91 /* LaunchScreen.storyboard */; };
		27464D772145B79E00CEAF91 /* User.swift in Sources */ = {isa = PBXBuildFile; fileRef = 27464D762145B79E00CEAF91 /* User.swift */; };
/* End PBXBuildFile section */

/* Begin PBXFileReference section */
		27464D5F2145B66D00CEAF91 /* mango.app */ = {isa = PBXFileReference; explicitFileType = wrapper.application; includeInIndex = 0; path = mango.app; sourceTree = BUILT_PRODUCTS_DIR; };
		27464D622145B66D00CEAF91 /* AppDelegate.swift */ = {isa = PBXFileReference; lastKnownFileType = sourcecode.swift; path = AppDelegate.swift; sourceTree = "<group>"; };
		27464D672145B66D00CEAF91 /* Base */ = {isa = PBXFileReference; lastKnownFileType = file.storyboard; name = Base; path = Base.lproj/Main.storyboard; sourceTree = "<group>"; };
		27464D692145B67000CEAF91 /* Assets.xcassets */ = {isa = PBXFileReference; lastKnownFileType = folder.assetcatalog; path = Assets.xcassets; sourceTree = "<group>"; };
		27464D6C2145B67000CEAF91 /* Base */ = {isa = PBXFileReference; lastKnownFileType = file.storyboard; name = Base; path = Base.lproj/LaunchScreen.storyboard; sourceTree = "<group>"; };
		27464D6E2145B67000CEAF91 /* Info.plist */ = {isa = PBXFileReference; lastKnownFileType = text.plist.xml; path = Info.plist; sourceTree = "<group>"; };
		27464D762145B79E00CEAF91 /* User.swift */ = {isa = PBXFileReference; lastKnownFileType = sourcecode.swift; path = User.swift; sourceTree = "<group>"; };
/* End PBXFileReference section */

/* Begin PBXFrameworksBuildPhase section */
		27464D5C2145B66D00CEAF91 /* Frameworks */ = {
			isa = PBXFrameworksBuildPhase;
			buildActionMask = 2147483647;
			files = (
			);
			runOnlyForDeploymentPostprocessing = 0;
		};
/* End PBXFrameworksBuildPhase section */

/* Begin PBXGroup section */
		273B775E2151FE45002B6316 /* UI */ = {
			isa = PBXGroup;
			children = (
				27464D662145B66D00CEAF91 /* Main.storyboard */,
			);
			path = UI;
			sourceTree = "<group>";
		};
		273B775F2151FE68002B6316 /* Resources */ = {
			isa = PBXGroup;
			children = (
				27464D622145B66D00CEAF91 /* AppDelegate.swift */,
				27464D692145B67000CEAF91 /* Assets.xcassets */,
				27464D6B2145B67000CEAF91 /* LaunchScreen.storyboard */,
				27464D6E2145B67000CEAF91 /* Info.plist */,
			);
			path = Resources;
			sourceTree = "<group>";
		};
		27464D562145B66D00CEAF91 = {
			isa = PBXGroup;
			children = (
				27464D602145B66D00CEAF91 /* Products */,
				27464D612145B66D00CEAF91 /* mango */,
			);
			sourceTree = "<group>";
		};
		27464D602145B66D00CEAF91 /* Products */ = {
			isa = PBXGroup;
			children = (
				27464D5F2145B66D00CEAF91 /* mango.app */,
			);
			name = Products;
			sourceTree = "<group>";
		};
		27464D612145B66D00CEAF91 /* mango */ = {
			isa = PBXGroup;
			children = (
				27464D782145B7AB00CEAF91 /* Model */,
				273B775E2151FE45002B6316 /* UI */,
				273B775F2151FE68002B6316 /* Resources */,
			);
			path = mango;
			sourceTree = "<group>";
		};
		27464D782145B7AB00CEAF91 /* Model */ = {
			isa = PBXGroup;
			children = (
				27464D762145B79E00CEAF91 /* User.swift */,
			);
			path = Model;
			sourceTree = "<group>";
		};
/* End PBXGroup section */

/* Begin PBXNativeTarget section */
		27464D5E2145B66D00CEAF91 /* mango */ = {
			isa = PBXNativeTarget;
			buildConfigurationList = 27464D712145B67000CEAF91 /* Build configuration list for PBXNativeTarget "mango" */;
			buildPhases = (
				27464D5B2145B66D00CEAF91 /* Sources */,
				27464D5C2145B66D00CEAF91 /* Frameworks */,
				27464D5D2145B66D00CEAF91 /* Resources */,
			);
			buildRules = (
			);
			dependencies = (
			);
			name = mango;
			productName = mango;
			productReference = 27464D5F2145B66D00CEAF91 /* mango.app */;
			productType = "com.apple.product-type.application";
		};
/* End PBXNativeTarget section */

/* Begin PBXProject section */
		27464D572145B66D00CEAF91 /* Project object */ = {
			isa = PBXProject;
			attributes = {
				LastSwiftUpdateCheck = 0940;
				LastUpgradeCheck = 0940;
				ORGANIZATIONNAME = "Jade Thomason";
				TargetAttributes = {
					27464D5E2145B66D00CEAF91 = {
						CreatedOnToolsVersion = 9.4.1;
					};
				};
			};
			buildConfigurationList = 27464D5A2145B66D00CEAF91 /* Build configuration list for PBXProject "mango" */;
			compatibilityVersion = "Xcode 9.3";
			developmentRegion = en;
			hasScannedForEncodings = 0;
			knownRegions = (
				en,
				Base,
			);
			mainGroup = 27464D562145B66D00CEAF91;
			productRefGroup = 27464D602145B66D00CEAF91 /* Products */;
			projectDirPath = "";
			projectRoot = "";
			targets = (
				27464D5E2145B66D00CEAF91 /* mango */,
			);
		};
/* End PBXProject section */

/* Begin PBXResourcesBuildPhase section */
		27464D5D2145B66D00CEAF91 /* Resources */ = {
			isa = PBXResourcesBuildPhase;
			buildActionMask = 2147483647;
			files = (
				27464D6D2145B67000CEAF91 /* LaunchScreen.storyboard in Resources */,
				27464D6A2145B67000CEAF91 /* Assets.xcassets in Resources */,
				27464D682145B66D00CEAF91 /* Main.storyboard in Resources */,
			);
			runOnlyForDeploymentPostprocessing = 0;
		};
/* End PBXResourcesBuildPhase section */

/* Begin PBXSourcesBuildPhase section */
		27464D5B2145B66D00CEAF91 /* Sources */ = {
			isa = PBXSourcesBuildPhase;
			buildActionMask = 2147483647;
			files = (
				27464D772145B79E00CEAF91 /* User.swift in Sources */,
				27464D632145B66D00CEAF91 /* AppDelegate.swift in Sources */,
			);
			runOnlyForDeploymentPostprocessing = 0;
		};
/* End PBXSourcesBuildPhase section */

/* Begin PBXVariantGroup section */
		27464D662145B66D00CEAF91 /* Main.storyboard */ = {
			isa = PBXVariantGroup;
			children = (
				27464D672145B66D00CEAF91 /* Base */,
			);
			name = Main.storyboard;
			sourceTree = "<group>";
		};
		27464D6B2145B67000CEAF91 /* LaunchScreen.storyboard */ = {
			isa = PBXVariantGroup;
			children = (
				27464D6C2145B67000CEAF91 /* Base */,
			);
			name = LaunchScreen.storyboard;
			sourceTree = "<group>";
		};
/* End PBXVariantGroup section */

/* Begin XCBuildConfiguration section */
		27464D6F2145B67000CEAF91 /* Debug */ = {
			isa = XCBuildConfiguration;
			buildSettings = {
				ALWAYS_SEARCH_USER_PATHS = NO;
				CLANG_ANALYZER_NONNULL = YES;
				CLANG_ANALYZER_NUMBER_OBJECT_CONVERSION = YES_AGGRESSIVE;
				CLANG_CXX_LANGUAGE_STANDARD = "gnu++14";
				CLANG_CXX_LIBRARY = "libc++";
				CLANG_ENABLE_MODULES = YES;
				CLANG_ENABLE_OBJC_ARC = YES;
				CLANG_ENABLE_OBJC_WEAK = YES;
				CLANG_WARN_BLOCK_CAPTURE_AUTORELEASING = YES;
				CLANG_WARN_BOOL_CONVERSION = YES;
				CLANG_WARN_COMMA = YES;
				CLANG_WARN_CONSTANT_CONVERSION = YES;
				CLANG_WARN_DEPRECATED_OBJC_IMPLEMENTATIONS = YES;
				CLANG_WARN_DIRECT_OBJC_ISA_USAGE = YES_ERROR;
				CLANG_WARN_DOCUMENTATION_COMMENTS = YES;
				CLANG_WARN_EMPTY_BODY = YES;
				CLANG_WARN_ENUM_CONVERSION = YES;
				CLANG_WARN_INFINITE_RECURSION = YES;
				CLANG_WARN_INT_CONVERSION = YES;
				CLANG_WARN_NON_LITERAL_NULL_CONVERSION = YES;
				CLANG_WARN_OBJC_IMPLICIT_RETAIN_SELF = YES;
				CLANG_WARN_OBJC_LITERAL_CONVERSION = YES;
				CLANG_WARN_OBJC_ROOT_CLASS = YES_ERROR;
				CLANG_WARN_RANGE_LOOP_ANALYSIS = YES;
				CLANG_WARN_STRICT_PROTOTYPES = YES;
				CLANG_WARN_SUSPICIOUS_MOVE = YES;
				CLANG_WARN_UNGUARDED_AVAILABILITY = YES_AGGRESSIVE;
				CLANG_WARN_UNREACHABLE_CODE = YES;
				CLANG_WARN__DUPLICATE_METHOD_MATCH = YES;
				CODE_SIGN_IDENTITY = "iPhone Developer";
				COPY_PHASE_STRIP = NO;
				DEBUG_INFORMATION_FORMAT = dwarf;
				ENABLE_STRICT_OBJC_MSGSEND = YES;
				ENABLE_TESTABILITY = YES;
				GCC_C_LANGUAGE_STANDARD = gnu11;
				GCC_DYNAMIC_NO_PIC = NO;
				GCC_NO_COMMON_BLOCKS = YES;
				GCC_OPTIMIZATION_LEVEL = 0;
				GCC_PREPROCESSOR_DEFINITIONS = (
					"DEBUG=1",
					"$(inherited)",
				);
				GCC_WARN_64_TO_32_BIT_CONVERSION = YES;
				GCC_WARN_ABOUT_RETURN_TYPE = YES_ERROR;
				GCC_WARN_UNDECLARED_SELECTOR = YES;
				GCC_WARN_UNINITIALIZED_AUTOS = YES_AGGRESSIVE;
				GCC_WARN_UNUSED_FUNCTION = YES;
				GCC_WARN_UNUSED_VARIABLE = YES;
				IPHONEOS_DEPLOYMENT_TARGET = 11.4;
				MTL_ENABLE_DEBUG_INFO = YES;
				ONLY_ACTIVE_ARCH = YES;
				SDKROOT = iphoneos;
				SWIFT_ACTIVE_COMPILATION_CONDITIONS = DEBUG;
				SWIFT_OPTIMIZATION_LEVEL = "-Onone";
			};
			name = Debug;
		};
		27464D702145B67000CEAF91 /* Release */ = {
			isa = XCBuildConfiguration;
			buildSettings = {
				ALWAYS_SEARCH_USER_PATHS = NO;
				CLANG_ANALYZER_NONNULL = YES;
				CLANG_ANALYZER_NUMBER_OBJECT_CONVERSION = YES_AGGRESSIVE;
				CLANG_CXX_LANGUAGE_STANDARD = "gnu++14";
				CLANG_CXX_LIBRARY = "libc++";
				CLANG_ENABLE_MODULES = YES;
				CLANG_ENABLE_OBJC_ARC = YES;
				CLANG_ENABLE_OBJC_WEAK = YES;
				CLANG_WARN_BLOCK_CAPTURE_AUTORELEASING = YES;
				CLANG_WARN_BOOL_CONVERSION = YES;
				CLANG_WARN_COMMA = YES;
				CLANG_WARN_CONSTANT_CONVERSION = YES;
				CLANG_WARN_DEPRECATED_OBJC_IMPLEMENTATIONS = YES;
				CLANG_WARN_DIRECT_OBJC_ISA_USAGE = YES_ERROR;
				CLANG_WARN_DOCUMENTATION_COMMENTS = YES;
				CLANG_WARN_EMPTY_BODY = YES;
				CLANG_WARN_ENUM_CONVERSION = YES;
				CLANG_WARN_INFINITE_RECURSION = YES;
				CLANG_WARN_INT_CONVERSION = YES;
				CLANG_WARN_NON_LITERAL_NULL_CONVERSION = YES;
				CLANG_WARN_OBJC_IMPLICIT_RETAIN_SELF = YES;
				CLANG_WARN_OBJC_LITERAL_CONVERSION = YES;
				CLANG_WARN_OBJC_ROOT_CLASS = YES_ERROR;
				CLANG_WARN_RANGE_LOOP_ANALYSIS = YES;
				CLANG_WARN_STRICT_PROTOTYPES = YES;
				CLANG_WARN_SUSPICIOUS_MOVE = YES;
				CLANG_WARN_UNGUARDED_AVAILABILITY = YES_AGGRESSIVE;
				CLANG_WARN_UNREACHABLE_CODE = YES;
				CLANG_WARN__DUPLICATE_METHOD_MATCH = YES;
				CODE_SIGN_IDENTITY = "iPhone Developer";
				COPY_PHASE_STRIP = NO;
				DEBUG_INFORMATION_FORMAT = "dwarf-with-dsym";
				ENABLE_NS_ASSERTIONS = NO;
				ENABLE_STRICT_OBJC_MSGSEND = YES;
				GCC_C_LANGUAGE_STANDARD = gnu11;
				GCC_NO_COMMON_BLOCKS = YES;
				GCC_WARN_64_TO_32_BIT_CONVERSION = YES;
				GCC_WARN_ABOUT_RETURN_TYPE = YES_ERROR;
				GCC_WARN_UNDECLARED_SELECTOR = YES;
				GCC_WARN_UNINITIALIZED_AUTOS = YES_AGGRESSIVE;
				GCC_WARN_UNUSED_FUNCTION = YES;
				GCC_WARN_UNUSED_VARIABLE = YES;
				IPHONEOS_DEPLOYMENT_TARGET = 11.4;
				MTL_ENABLE_DEBUG_INFO = NO;
				SDKROOT = iphoneos;
				SWIFT_COMPILATION_MODE = wholemodule;
				SWIFT_OPTIMIZATION_LEVEL = "-O";
				VALIDATE_PRODUCT = YES;
			};
			name = Release;
		};
		27464D722145B67000CEAF91 /* Debug */ = {
			isa = XCBuildConfiguration;
			buildSettings = {
				ASSETCATALOG_COMPILER_APPICON_NAME = AppIcon;
				CODE_SIGN_STYLE = Automatic;
				DEVELOPMENT_TEAM = J374AWHV27;
				INFOPLIST_FILE = mango/Info.plist;
				IPHONEOS_DEPLOYMENT_TARGET = 12.0;
				LD_RUNPATH_SEARCH_PATHS = (
					"$(inherited)",
					"@executable_path/Frameworks",
				);
				PRODUCT_BUNDLE_IDENTIFIER = com.thecassettecompany.mango;
				PRODUCT_NAME = "$(TARGET_NAME)";
				SWIFT_VERSION = 4.0;
				TARGETED_DEVICE_FAMILY = "1,2";
			};
			name = Debug;
		};
		27464D732145B67000CEAF91 /* Release */ = {
			isa = XCBuildConfiguration;
			buildSettings = {
				ASSETCATALOG_COMPILER_APPICON_NAME = AppIcon;
				CODE_SIGN_STYLE = Automatic;
				DEVELOPMENT_TEAM = J374AWHV27;
				INFOPLIST_FILE = mango/Info.plist;
				IPHONEOS_DEPLOYMENT_TARGET = 12.0;
				LD_RUNPATH_SEARCH_PATHS = (
					"$(inherited)",
					"@executable_path/Frameworks",
				);
				PRODUCT_BUNDLE_IDENTIFIER = com.thecassettecompany.mango;
				PRODUCT_NAME = "$(TARGET_NAME)";
				SWIFT_VERSION = 4.0;
				TARGETED_DEVICE_FAMILY = "1,2";
			};
			name = Release;
		};
/* End XCBuildConfiguration section */

/* Begin XCConfigurationList section */
		27464D5A2145B66D00CEAF91 /* Build configuration list for PBXProject "mango" */ = {
			isa = XCConfigurationList;
			buildConfigurations = (
				27464D6F2145B67000CEAF91 /* Debug */,
				27464D702145B67000CEAF91 /* Release */,
			);
			defaultConfigurationIsVisible = 0;
			defaultConfigurationName = Release;
		};
		27464D712145B67000CEAF91 /* Build configuration list for PBXNativeTarget "mango" */ = {
			isa = XCConfigurationList;
			buildConfigurations = (
				27464D722145B67000CEAF91 /* Debug */,
				27464D732145B67000CEAF91 /* Release */,
			);
			defaultConfigurationIsVisible = 0;
			defaultConfigurationName = Release;
		};
/* End XCConfigurationList section */
	};
	rootObject = 27464D572145B66D00CEAF91 /* Project object */;
}
